// !$*UTF8*$!
{
	archiveVersion = 1;
	classes = {
	};
	objectVersion = 50;
	objects = {

/* Begin PBXBuildFile section */
		02694FE624042071001CE788 /* AppDelegate.swift in Sources */ = {isa = PBXBuildFile; fileRef = 02694FE524042071001CE788 /* AppDelegate.swift */; };
		02694FE824042071001CE788 /* SceneDelegate.swift in Sources */ = {isa = PBXBuildFile; fileRef = 02694FE724042071001CE788 /* SceneDelegate.swift */; };
		02694FEA24042071001CE788 /* MapViewController.swift in Sources */ = {isa = PBXBuildFile; fileRef = 02694FE924042071001CE788 /* MapViewController.swift */; };
		02694FED24042071001CE788 /* Main.storyboard in Resources */ = {isa = PBXBuildFile; fileRef = 02694FEB24042071001CE788 /* Main.storyboard */; };
		02694FEF2404207C001CE788 /* Assets.xcassets in Resources */ = {isa = PBXBuildFile; fileRef = 02694FEE2404207C001CE788 /* Assets.xcassets */; };
		02694FF22404207C001CE788 /* LaunchScreen.storyboard in Resources */ = {isa = PBXBuildFile; fileRef = 02694FF02404207C001CE788 /* LaunchScreen.storyboard */; };
		02694FFD2404207C001CE788 /* MapKit_DemoTests.swift in Sources */ = {isa = PBXBuildFile; fileRef = 02694FFC2404207C001CE788 /* MapKit_DemoTests.swift */; };
		02695008240420A2001CE788 /* CoreLocationSession.swift in Sources */ = {isa = PBXBuildFile; fileRef = 02695007240420A2001CE788 /* CoreLocationSession.swift */; };
/* End PBXBuildFile section */

/* Begin PBXContainerItemProxy section */
		02694FF92404207C001CE788 /* PBXContainerItemProxy */ = {
			isa = PBXContainerItemProxy;
			containerPortal = 02694FDA24042071001CE788 /* Project object */;
			proxyType = 1;
			remoteGlobalIDString = 02694FE124042071001CE788;
			remoteInfo = "MapKit-Demo";
		};
/* End PBXContainerItemProxy section */

/* Begin PBXFileReference section */
		02694FE224042071001CE788 /* MapKit-Demo.app */ = {isa = PBXFileReference; explicitFileType = wrapper.application; includeInIndex = 0; path = "MapKit-Demo.app"; sourceTree = BUILT_PRODUCTS_DIR; };
		02694FE524042071001CE788 /* AppDelegate.swift */ = {isa = PBXFileReference; lastKnownFileType = sourcecode.swift; path = AppDelegate.swift; sourceTree = "<group>"; };
		02694FE724042071001CE788 /* SceneDelegate.swift */ = {isa = PBXFileReference; lastKnownFileType = sourcecode.swift; path = SceneDelegate.swift; sourceTree = "<group>"; };
		02694FE924042071001CE788 /* MapViewController.swift */ = {isa = PBXFileReference; lastKnownFileType = sourcecode.swift; path = MapViewController.swift; sourceTree = "<group>"; };
		02694FEC24042071001CE788 /* Base */ = {isa = PBXFileReference; lastKnownFileType = file.storyboard; name = Base; path = Base.lproj/Main.storyboard; sourceTree = "<group>"; };
		02694FEE2404207C001CE788 /* Assets.xcassets */ = {isa = PBXFileReference; lastKnownFileType = folder.assetcatalog; path = Assets.xcassets; sourceTree = "<group>"; };
		02694FF12404207C001CE788 /* Base */ = {isa = PBXFileReference; lastKnownFileType = file.storyboard; name = Base; path = Base.lproj/LaunchScreen.storyboard; sourceTree = "<group>"; };
		02694FF32404207C001CE788 /* Info.plist */ = {isa = PBXFileReference; lastKnownFileType = text.plist.xml; path = Info.plist; sourceTree = "<group>"; };
		02694FF82404207C001CE788 /* MapKit-DemoTests.xctest */ = {isa = PBXFileReference; explicitFileType = wrapper.cfbundle; includeInIndex = 0; path = "MapKit-DemoTests.xctest"; sourceTree = BUILT_PRODUCTS_DIR; };
		02694FFC2404207C001CE788 /* MapKit_DemoTests.swift */ = {isa = PBXFileReference; lastKnownFileType = sourcecode.swift; path = MapKit_DemoTests.swift; sourceTree = "<group>"; };
		02694FFE2404207C001CE788 /* Info.plist */ = {isa = PBXFileReference; lastKnownFileType = text.plist.xml; path = Info.plist; sourceTree = "<group>"; };
		02695007240420A2001CE788 /* CoreLocationSession.swift */ = {isa = PBXFileReference; lastKnownFileType = sourcecode.swift; path = CoreLocationSession.swift; sourceTree = "<group>"; };
/* End PBXFileReference section */

/* Begin PBXFrameworksBuildPhase section */
		02694FDF24042071001CE788 /* Frameworks */ = {
			isa = PBXFrameworksBuildPhase;
			buildActionMask = 2147483647;
			files = (
			);
			runOnlyForDeploymentPostprocessing = 0;
		};
		02694FF52404207C001CE788 /* Frameworks */ = {
			isa = PBXFrameworksBuildPhase;
			buildActionMask = 2147483647;
			files = (
			);
			runOnlyForDeploymentPostprocessing = 0;
		};
/* End PBXFrameworksBuildPhase section */

/* Begin PBXGroup section */
		02694FD924042071001CE788 = {
			isa = PBXGroup;
			children = (
				02694FE424042071001CE788 /* MapKit-Demo */,
				02694FFB2404207C001CE788 /* MapKit-DemoTests */,
				02694FE324042071001CE788 /* Products */,
			);
			sourceTree = "<group>";
		};
		02694FE324042071001CE788 /* Products */ = {
			isa = PBXGroup;
			children = (
				02694FE224042071001CE788 /* MapKit-Demo.app */,
				02694FF82404207C001CE788 /* MapKit-DemoTests.xctest */,
			);
			name = Products;
			sourceTree = "<group>";
		};
		02694FE424042071001CE788 /* MapKit-Demo */ = {
			isa = PBXGroup;
			children = (
				02694FE524042071001CE788 /* AppDelegate.swift */,
				02694FE724042071001CE788 /* SceneDelegate.swift */,
				02695007240420A2001CE788 /* CoreLocationSession.swift */,
				02694FE924042071001CE788 /* MapViewController.swift */,
				02694FEB24042071001CE788 /* Main.storyboard */,
				02694FEE2404207C001CE788 /* Assets.xcassets */,
				02694FF02404207C001CE788 /* LaunchScreen.storyboard */,
				02694FF32404207C001CE788 /* Info.plist */,
			);
			path = "MapKit-Demo";
			sourceTree = "<group>";
		};
		02694FFB2404207C001CE788 /* MapKit-DemoTests */ = {
			isa = PBXGroup;
			children = (
				02694FFC2404207C001CE788 /* MapKit_DemoTests.swift */,
				02694FFE2404207C001CE788 /* Info.plist */,
			);
			path = "MapKit-DemoTests";
			sourceTree = "<group>";
		};
/* End PBXGroup section */

/* Begin PBXNativeTarget section */
		02694FE124042071001CE788 /* MapKit-Demo */ = {
			isa = PBXNativeTarget;
			buildConfigurationList = 026950012404207C001CE788 /* Build configuration list for PBXNativeTarget "MapKit-Demo" */;
			buildPhases = (
				02694FDE24042071001CE788 /* Sources */,
				02694FDF24042071001CE788 /* Frameworks */,
				02694FE024042071001CE788 /* Resources */,
			);
			buildRules = (
			);
			dependencies = (
			);
			name = "MapKit-Demo";
			productName = "MapKit-Demo";
			productReference = 02694FE224042071001CE788 /* MapKit-Demo.app */;
			productType = "com.apple.product-type.application";
		};
		02694FF72404207C001CE788 /* MapKit-DemoTests */ = {
			isa = PBXNativeTarget;
			buildConfigurationList = 026950042404207C001CE788 /* Build configuration list for PBXNativeTarget "MapKit-DemoTests" */;
			buildPhases = (
				02694FF42404207C001CE788 /* Sources */,
				02694FF52404207C001CE788 /* Frameworks */,
				02694FF62404207C001CE788 /* Resources */,
			);
			buildRules = (
			);
			dependencies = (
				02694FFA2404207C001CE788 /* PBXTargetDependency */,
			);
			name = "MapKit-DemoTests";
			productName = "MapKit-DemoTests";
			productReference = 02694FF82404207C001CE788 /* MapKit-DemoTests.xctest */;
			productType = "com.apple.product-type.bundle.unit-test";
		};
/* End PBXNativeTarget section */

/* Begin PBXProject section */
		02694FDA24042071001CE788 /* Project object */ = {
			isa = PBXProject;
			attributes = {
				LastSwiftUpdateCheck = 1130;
				LastUpgradeCheck = 1130;
				ORGANIZATIONNAME = "Kelby Mittan";
				TargetAttributes = {
					02694FE124042071001CE788 = {
						CreatedOnToolsVersion = 11.3.1;
					};
					02694FF72404207C001CE788 = {
						CreatedOnToolsVersion = 11.3.1;
						TestTargetID = 02694FE124042071001CE788;
					};
				};
			};
			buildConfigurationList = 02694FDD24042071001CE788 /* Build configuration list for PBXProject "MapKit-Demo" */;
			compatibilityVersion = "Xcode 9.3";
			developmentRegion = en;
			hasScannedForEncodings = 0;
			knownRegions = (
				en,
				Base,
			);
			mainGroup = 02694FD924042071001CE788;
			productRefGroup = 02694FE324042071001CE788 /* Products */;
			projectDirPath = "";
			projectRoot = "";
			targets = (
				02694FE124042071001CE788 /* MapKit-Demo */,
				02694FF72404207C001CE788 /* MapKit-DemoTests */,
			);
		};
/* End PBXProject section */

/* Begin PBXResourcesBuildPhase section */
		02694FE024042071001CE788 /* Resources */ = {
			isa = PBXResourcesBuildPhase;
			buildActionMask = 2147483647;
			files = (
				02694FF22404207C001CE788 /* LaunchScreen.storyboard in Resources */,
				02694FEF2404207C001CE788 /* Assets.xcassets in Resources */,
				02694FED24042071001CE788 /* Main.storyboard in Resources */,
			);
			runOnlyForDeploymentPostprocessing = 0;
		};
		02694FF62404207C001CE788 /* Resources */ = {
			isa = PBXResourcesBuildPhase;
			buildActionMask = 2147483647;
			files = (
			);
			runOnlyForDeploymentPostprocessing = 0;
		};
/* End PBXResourcesBuildPhase section */

/* Begin PBXSourcesBuildPhase section */
		02694FDE24042071001CE788 /* Sources */ = {
			isa = PBXSourcesBuildPhase;
			buildActionMask = 2147483647;
			files = (
				02694FEA24042071001CE788 /* MapViewController.swift in Sources */,
				02694FE624042071001CE788 /* AppDelegate.swift in Sources */,
				02695008240420A2001CE788 /* CoreLocationSession.swift in Sources */,
				02694FE824042071001CE788 /* SceneDelegate.swift in Sources */,
			);
			runOnlyForDeploymentPostprocessing = 0;
		};
		02694FF42404207C001CE788 /* Sources */ = {
			isa = PBXSourcesBuildPhase;
			buildActionMask = 2147483647;
			files = (
				02694FFD2404207C001CE788 /* MapKit_DemoTests.swift in Sources */,
			);
			runOnlyForDeploymentPostprocessing = 0;
		};
/* End PBXSourcesBuildPhase section */

/* Begin PBXTargetDependency section */
		02694FFA2404207C001CE788 /* PBXTargetDependency */ = {
			isa = PBXTargetDependency;
			target = 02694FE124042071001CE788 /* MapKit-Demo */;
			targetProxy = 02694FF92404207C001CE788 /* PBXContainerItemProxy */;
		};
/* End PBXTargetDependency section */

/* Begin PBXVariantGroup section */
		02694FEB24042071001CE788 /* Main.storyboard */ = {
			isa = PBXVariantGroup;
			children = (
				02694FEC24042071001CE788 /* Base */,
			);
			name = Main.storyboard;
			sourceTree = "<group>";
		};
		02694FF02404207C001CE788 /* LaunchScreen.storyboard */ = {
			isa = PBXVariantGroup;
			children = (
				02694FF12404207C001CE788 /* Base */,
			);
			name = LaunchScreen.storyboard;
			sourceTree = "<group>";
		};
/* End PBXVariantGroup section */

/* Begin XCBuildConfiguration section */
		02694FFF2404207C001CE788 /* Debug */ = {
			isa = XCBuildConfiguration;
			buildSettings = {
				ALWAYS_SEARCH_USER_PATHS = NO;
				CLANG_ANALYZER_NONNULL = YES;
				CLANG_ANALYZER_NUMBER_OBJECT_CONVERSION = YES_AGGRESSIVE;
				CLANG_CXX_LANGUAGE_STANDARD = "gnu++14";
				CLANG_CXX_LIBRARY = "libc++";
				CLANG_ENABLE_MODULES = YES;
				CLANG_ENABLE_OBJC_ARC = YES;
				CLANG_ENABLE_OBJC_WEAK = YES;
				CLANG_WARN_BLOCK_CAPTURE_AUTORELEASING = YES;
				CLANG_WARN_BOOL_CONVERSION = YES;
				CLANG_WARN_COMMA = YES;
				CLANG_WARN_CONSTANT_CONVERSION = YES;
				CLANG_WARN_DEPRECATED_OBJC_IMPLEMENTATIONS = YES;
				CLANG_WARN_DIRECT_OBJC_ISA_USAGE = YES_ERROR;
				CLANG_WARN_DOCUMENTATION_COMMENTS = YES;
				CLANG_WARN_EMPTY_BODY = YES;
				CLANG_WARN_ENUM_CONVERSION = YES;
				CLANG_WARN_INFINITE_RECURSION = YES;
				CLANG_WARN_INT_CONVERSION = YES;
				CLANG_WARN_NON_LITERAL_NULL_CONVERSION = YES;
				CLANG_WARN_OBJC_IMPLICIT_RETAIN_SELF = YES;
				CLANG_WARN_OBJC_LITERAL_CONVERSION = YES;
				CLANG_WARN_OBJC_ROOT_CLASS = YES_ERROR;
				CLANG_WARN_RANGE_LOOP_ANALYSIS = YES;
				CLANG_WARN_STRICT_PROTOTYPES = YES;
				CLANG_WARN_SUSPICIOUS_MOVE = YES;
				CLANG_WARN_UNGUARDED_AVAILABILITY = YES_AGGRESSIVE;
				CLANG_WARN_UNREACHABLE_CODE = YES;
				CLANG_WARN__DUPLICATE_METHOD_MATCH = YES;
				COPY_PHASE_STRIP = NO;
				DEBUG_INFORMATION_FORMAT = dwarf;
				ENABLE_STRICT_OBJC_MSGSEND = YES;
				ENABLE_TESTABILITY = YES;
				GCC_C_LANGUAGE_STANDARD = gnu11;
				GCC_DYNAMIC_NO_PIC = NO;
				GCC_NO_COMMON_BLOCKS = YES;
				GCC_OPTIMIZATION_LEVEL = 0;
				GCC_PREPROCESSOR_DEFINITIONS = (
					"DEBUG=1",
					"$(inherited)",
				);
				GCC_WARN_64_TO_32_BIT_CONVERSION = YES;
				GCC_WARN_ABOUT_RETURN_TYPE = YES_ERROR;
				GCC_WARN_UNDECLARED_SELECTOR = YES;
				GCC_WARN_UNINITIALIZED_AUTOS = YES_AGGRESSIVE;
				GCC_WARN_UNUSED_FUNCTION = YES;
				GCC_WARN_UNUSED_VARIABLE = YES;
				IPHONEOS_DEPLOYMENT_TARGET = 13.2;
				MTL_ENABLE_DEBUG_INFO = INCLUDE_SOURCE;
				MTL_FAST_MATH = YES;
				ONLY_ACTIVE_ARCH = YES;
				SDKROOT = iphoneos;
				SWIFT_ACTIVE_COMPILATION_CONDITIONS = DEBUG;
				SWIFT_OPTIMIZATION_LEVEL = "-Onone";
			};
			name = Debug;
		};
		026950002404207C001CE788 /* Release */ = {
			isa = XCBuildConfiguration;
			buildSettings = {
				ALWAYS_SEARCH_USER_PATHS = NO;
				CLANG_ANALYZER_NONNULL = YES;
				CLANG_ANALYZER_NUMBER_OBJECT_CONVERSION = YES_AGGRESSIVE;
				CLANG_CXX_LANGUAGE_STANDARD = "gnu++14";
				CLANG_CXX_LIBRARY = "libc++";
				CLANG_ENABLE_MODULES = YES;
				CLANG_ENABLE_OBJC_ARC = YES;
				CLANG_ENABLE_OBJC_WEAK = YES;
				CLANG_WARN_BLOCK_CAPTURE_AUTORELEASING = YES;
				CLANG_WARN_BOOL_CONVERSION = YES;
				CLANG_WARN_COMMA = YES;
				CLANG_WARN_CONSTANT_CONVERSION = YES;
				CLANG_WARN_DEPRECATED_OBJC_IMPLEMENTATIONS = YES;
				CLANG_WARN_DIRECT_OBJC_ISA_USAGE = YES_ERROR;
				CLANG_WARN_DOCUMENTATION_COMMENTS = YES;
				CLANG_WARN_EMPTY_BODY = YES;
				CLANG_WARN_ENUM_CONVERSION = YES;
				CLANG_WARN_INFINITE_RECURSION = YES;
				CLANG_WARN_INT_CONVERSION = YES;
				CLANG_WARN_NON_LITERAL_NULL_CONVERSION = YES;
				CLANG_WARN_OBJC_IMPLICIT_RETAIN_SELF = YES;
				CLANG_WARN_OBJC_LITERAL_CONVERSION = YES;
				CLANG_WARN_OBJC_ROOT_CLASS = YES_ERROR;
				CLANG_WARN_RANGE_LOOP_ANALYSIS = YES;
				CLANG_WARN_STRICT_PROTOTYPES = YES;
				CLANG_WARN_SUSPICIOUS_MOVE = YES;
				CLANG_WARN_UNGUARDED_AVAILABILITY = YES_AGGRESSIVE;
				CLANG_WARN_UNREACHABLE_CODE = YES;
				CLANG_WARN__DUPLICATE_METHOD_MATCH = YES;
				COPY_PHASE_STRIP = NO;
				DEBUG_INFORMATION_FORMAT = "dwarf-with-dsym";
				ENABLE_NS_ASSERTIONS = NO;
				ENABLE_STRICT_OBJC_MSGSEND = YES;
				GCC_C_LANGUAGE_STANDARD = gnu11;
				GCC_NO_COMMON_BLOCKS = YES;
				GCC_WARN_64_TO_32_BIT_CONVERSION = YES;
				GCC_WARN_ABOUT_RETURN_TYPE = YES_ERROR;
				GCC_WARN_UNDECLARED_SELECTOR = YES;
				GCC_WARN_UNINITIALIZED_AUTOS = YES_AGGRESSIVE;
				GCC_WARN_UNUSED_FUNCTION = YES;
				GCC_WARN_UNUSED_VARIABLE = YES;
				IPHONEOS_DEPLOYMENT_TARGET = 13.2;
				MTL_ENABLE_DEBUG_INFO = NO;
				MTL_FAST_MATH = YES;
				SDKROOT = iphoneos;
				SWIFT_COMPILATION_MODE = wholemodule;
				SWIFT_OPTIMIZATION_LEVEL = "-O";
				VALIDATE_PRODUCT = YES;
			};
			name = Release;
		};
		026950022404207C001CE788 /* Debug */ = {
			isa = XCBuildConfiguration;
			buildSettings = {
				ASSETCATALOG_COMPILER_APPICON_NAME = AppIcon;
				CODE_SIGN_STYLE = Automatic;
				DEVELOPMENT_TEAM = 87F72Z6LFG;
				INFOPLIST_FILE = "MapKit-Demo/Info.plist";
				LD_RUNPATH_SEARCH_PATHS = (
					"$(inherited)",
					"@executable_path/Frameworks",
				);
				PRODUCT_BUNDLE_IDENTIFIER = "com.kelbymittan.MapKit-Demo";
				PRODUCT_NAME = "$(TARGET_NAME)";
				SWIFT_VERSION = 5.0;
				TARGETED_DEVICE_FAMILY = "1,2";
			};
			name = Debug;
		};
		026950032404207C001CE788 /* Release */ = {
			isa = XCBuildConfiguration;
			buildSettings = {
				ASSETCATALOG_COMPILER_APPICON_NAME = AppIcon;
				CODE_SIGN_STYLE = Automatic;
				DEVELOPMENT_TEAM = 87F72Z6LFG;
				INFOPLIST_FILE = "MapKit-Demo/Info.plist";
				LD_RUNPATH_SEARCH_PATHS = (
					"$(inherited)",
					"@executable_path/Frameworks",
				);
				PRODUCT_BUNDLE_IDENTIFIER = "com.kelbymittan.MapKit-Demo";
				PRODUCT_NAME = "$(TARGET_NAME)";
				SWIFT_VERSION = 5.0;
				TARGETED_DEVICE_FAMILY = "1,2";
			};
			name = Release;
		};
		026950052404207C001CE788 /* Debug */ = {
			isa = XCBuildConfiguration;
			buildSettings = {
				ALWAYS_EMBED_SWIFT_STANDARD_LIBRARIES = YES;
				BUNDLE_LOADER = "$(TEST_HOST)";
				CODE_SIGN_STYLE = Automatic;
				DEVELOPMENT_TEAM = 87F72Z6LFG;
				INFOPLIST_FILE = "MapKit-DemoTests/Info.plist";
				IPHONEOS_DEPLOYMENT_TARGET = 13.2;
				LD_RUNPATH_SEARCH_PATHS = (
					"$(inherited)",
					"@executable_path/Frameworks",
					"@loader_path/Frameworks",
				);
				PRODUCT_BUNDLE_IDENTIFIER = "com.kelbymittan.MapKit-DemoTests";
				PRODUCT_NAME = "$(TARGET_NAME)";
				SWIFT_VERSION = 5.0;
				TARGETED_DEVICE_FAMILY = "1,2";
				TEST_HOST = "$(BUILT_PRODUCTS_DIR)/MapKit-Demo.app/MapKit-Demo";
			};
			name = Debug;
		};
		026950062404207C001CE788 /* Release */ = {
			isa = XCBuildConfiguration;
			buildSettings = {
				ALWAYS_EMBED_SWIFT_STANDARD_LIBRARIES = YES;
				BUNDLE_LOADER = "$(TEST_HOST)";
				CODE_SIGN_STYLE = Automatic;
				DEVELOPMENT_TEAM = 87F72Z6LFG;
				INFOPLIST_FILE = "MapKit-DemoTests/Info.plist";
				IPHONEOS_DEPLOYMENT_TARGET = 13.2;
				LD_RUNPATH_SEARCH_PATHS = (
					"$(inherited)",
					"@executable_path/Frameworks",
					"@loader_path/Frameworks",
				);
				PRODUCT_BUNDLE_IDENTIFIER = "com.kelbymittan.MapKit-DemoTests";
				PRODUCT_NAME = "$(TARGET_NAME)";
				SWIFT_VERSION = 5.0;
				TARGETED_DEVICE_FAMILY = "1,2";
				TEST_HOST = "$(BUILT_PRODUCTS_DIR)/MapKit-Demo.app/MapKit-Demo";
			};
			name = Release;
		};
/* End XCBuildConfiguration section */

/* Begin XCConfigurationList section */
		02694FDD24042071001CE788 /* Build configuration list for PBXProject "MapKit-Demo" */ = {
			isa = XCConfigurationList;
			buildConfigurations = (
				02694FFF2404207C001CE788 /* Debug */,
				026950002404207C001CE788 /* Release */,
			);
			defaultConfigurationIsVisible = 0;
			defaultConfigurationName = Release;
		};
		026950012404207C001CE788 /* Build configuration list for PBXNativeTarget "MapKit-Demo" */ = {
			isa = XCConfigurationList;
			buildConfigurations = (
				026950022404207C001CE788 /* Debug */,
				026950032404207C001CE788 /* Release */,
			);
			defaultConfigurationIsVisible = 0;
			defaultConfigurationName = Release;
		};
		026950042404207C001CE788 /* Build configuration list for PBXNativeTarget "MapKit-DemoTests" */ = {
			isa = XCConfigurationList;
			buildConfigurations = (
				026950052404207C001CE788 /* Debug */,
				026950062404207C001CE788 /* Release */,
			);
			defaultConfigurationIsVisible = 0;
			defaultConfigurationName = Release;
		};
/* End XCConfigurationList section */
	};
	rootObject = 02694FDA24042071001CE788 /* Project object */;
}
